
Microsoft Visual Studio Solution File, Format Version 12.00
# Visual Studio Version 17
VisualStudioVersion = 17.4.33213.308
MinimumVisualStudioVersion = 10.0.40219.1
Project("{9A19103F-16F7-4668-BE54-9A1E7A4F7556}") = "Kholodets.App", "Kholodets.App\Kholodets.App.csproj", "{21BD36CB-74DA-4D54-B2C5-9896403FE5D8}"
EndProject
Project("{9A19103F-16F7-4668-BE54-9A1E7A4F7556}") = "Kholodets.Tests", "Kholodets.Tests\Kholodets.Tests.csproj", "{E7541210-F6C2-42AB-9B95-13C5AF502F55}"
EndProject
Project("{FAE04EC0-301F-11D3-BF4B-00C04F79EFBC}") = "Kholodets.Data", "..\Kholodets.Data\Kholodets.Data.csproj", "{4A0F786C-B360-41D3-B724-E273A925FEC9}"
EndProject
Project("{FAE04EC0-301F-11D3-BF4B-00C04F79EFBC}") = "Kholodets.Core", "..\Kholodets.Core\Kholodets.Core.csproj", "{4D253F40-0B2A-40A2-88F9-C4E696488BA3}"
EndProject
Global
	GlobalSection(SolutionConfigurationPlatforms) = preSolution
		Debug|Any CPU = Debug|Any CPU
		Release|Any CPU = Release|Any CPU
	EndGlobalSection
	GlobalSection(ProjectConfigurationPlatforms) = postSolution
		{21BD36CB-74DA-4D54-B2C5-9896403FE5D8}.Debug|Any CPU.ActiveCfg = Debug|Any CPU
		{21BD36CB-74DA-4D54-B2C5-9896403FE5D8}.Debug|Any CPU.Build.0 = Debug|Any CPU
		{21BD36CB-74DA-4D54-B2C5-9896403FE5D8}.Release|Any CPU.ActiveCfg = Release|Any CPU
		{21BD36CB-74DA-4D54-B2C5-9896403FE5D8}.Release|Any CPU.Build.0 = Release|Any CPU
		{E7541210-F6C2-42AB-9B95-13C5AF502F55}.Debug|Any CPU.ActiveCfg = Debug|Any CPU
		{E7541210-F6C2-42AB-9B95-13C5AF502F55}.Debug|Any CPU.Build.0 = Debug|Any CPU
		{E7541210-F6C2-42AB-9B95-13C5AF502F55}.Release|Any CPU.ActiveCfg = Release|Any CPU
		{E7541210-F6C2-42AB-9B95-13C5AF502F55}.Release|Any CPU.Build.0 = Release|Any CPU
		{4A0F786C-B360-41D3-B724-E273A925FEC9}.Debug|Any CPU.ActiveCfg = Debug|Any CPU
		{4A0F786C-B360-41D3-B724-E273A925FEC9}.Debug|Any CPU.Build.0 = Debug|Any CPU
		{4A0F786C-B360-41D3-B724-E273A925FEC9}.Release|Any CPU.ActiveCfg = Release|Any CPU
		{4A0F786C-B360-41D3-B724-E273A925FEC9}.Release|Any CPU.Build.0 = Release|Any CPU
		{4D253F40-0B2A-40A2-88F9-C4E696488BA3}.Debug|Any CPU.ActiveCfg = Debug|Any CPU
		{4D253F40-0B2A-40A2-88F9-C4E696488BA3}.Debug|Any CPU.Build.0 = Debug|Any CPU
		{4D253F40-0B2A-40A2-88F9-C4E696488BA3}.Release|Any CPU.ActiveCfg = Release|Any CPU
		{4D253F40-0B2A-40A2-88F9-C4E696488BA3}.Release|Any CPU.Build.0 = Release|Any CPU
	EndGlobalSection
	GlobalSection(SolutionProperties) = preSolution
		HideSolutionNode = FALSE
	EndGlobalSection
	GlobalSection(ExtensibilityGlobals) = postSolution
		SolutionGuid = {1C763D46-D2CC-4D1E-871A-26A84D73D6DB}
	EndGlobalSection
EndGlobal
